
Microsoft Visual Studio Solution File, Format Version 12.00
# Visual Studio Version 17
VisualStudioVersion = 17.2.32616.157
MinimumVisualStudioVersion = 10.0.40219.1
Project("{FAE04EC0-301F-11D3-BF4B-00C04F79EFBC}") = "Test Apka STC Engine", "Test Apka STC Engine.csproj", "{395D8BFB-C59C-4F11-9DD3-346AA8CF437F}"
EndProject
Global
	GlobalSection(SolutionConfigurationPlatforms) = preSolution
		Debug|Any CPU = Debug|Any CPU
		Release|Any CPU = Release|Any CPU
	EndGlobalSection
	GlobalSection(ProjectConfigurationPlatforms) = postSolution
		{395D8BFB-C59C-4F11-9DD3-346AA8CF437F}.Debug|Any CPU.ActiveCfg = Debug|Any CPU
		{395D8BFB-C59C-4F11-9DD3-346AA8CF437F}.Debug|Any CPU.Build.0 = Debug|Any CPU
		{395D8BFB-C59C-4F11-9DD3-346AA8CF437F}.Release|Any CPU.ActiveCfg = Release|Any CPU
		{395D8BFB-C59C-4F11-9DD3-346AA8CF437F}.Release|Any CPU.Build.0 = Release|Any CPU
	EndGlobalSection
	GlobalSection(SolutionProperties) = preSolution
		HideSolutionNode = FALSE
	EndGlobalSection
	GlobalSection(ExtensibilityGlobals) = postSolution
		SolutionGuid = {EC58D285-A854-4104-9042-3FED524C7EBF}
	EndGlobalSection
EndGlobal
